
Microsoft Visual Studio Solution File, Format Version 12.00
# Visual Studio 15
Project("{FAE04EC0-301F-11D3-BF4B-00C04F79EFBC}") = "Assembly-CSharp", "Assembly-CSharp.csproj", "{D8DDDB8B-A67A-4609-012B-53E2D23F69FC}"
EndProject
Global
	GlobalSection(SolutionConfigurationPlatforms) = preSolution
		Debug|Any CPU = Debug|Any CPU
		Release|Any CPU = Release|Any CPU
	EndGlobalSection
	GlobalSection(ProjectConfigurationPlatforms) = postSolution
		{D8DDDB8B-A67A-4609-012B-53E2D23F69FC}.Debug|Any CPU.ActiveCfg = Debug|Any CPU
		{D8DDDB8B-A67A-4609-012B-53E2D23F69FC}.Debug|Any CPU.Build.0 = Debug|Any CPU
		{D8DDDB8B-A67A-4609-012B-53E2D23F69FC}.Release|Any CPU.ActiveCfg = Release|Any CPU
		{D8DDDB8B-A67A-4609-012B-53E2D23F69FC}.Release|Any CPU.Build.0 = Release|Any CPU
	EndGlobalSection
	GlobalSection(SolutionProperties) = preSolution
		HideSolutionNode = FALSE
	EndGlobalSection
EndGlobal
